
Microsoft Visual Studio Solution File, Format Version 12.00
# Visual Studio Version 17
VisualStudioVersion = 17.5.33516.290
MinimumVisualStudioVersion = 10.0.40219.1
Project("{9A19103F-16F7-4668-BE54-9A1E7A4F7556}") = "Suyaa.Script", "Suyaa.Script\Suyaa.Script.csproj", "{ED6C2C11-4C17-4873-A9D1-951262A5336E}"
EndProject
Project("{2150E333-8FDC-42A3-9474-1A3956D46DE8}") = "Demo", "Demo", "{A2EC4EE5-A5A0-44F6-8020-564C8DA21ED4}"
EndProject
Project("{9A19103F-16F7-4668-BE54-9A1E7A4F7556}") = "SimpleScriptHost", "Demo\SimpleScriptHost\SimpleScriptHost.csproj", "{CB52698F-613B-4FB8-89E3-9A21DEACDCF4}"
EndProject
Project("{9A19103F-16F7-4668-BE54-9A1E7A4F7556}") = "SuyaaScriptShell", "Demo\sychost\SuyaaScriptShell.csproj", "{0677E454-5665-4016-8C6A-B1306A425A7C}"
EndProject
Project("{9A19103F-16F7-4668-BE54-9A1E7A4F7556}") = "Suyaa.Script.Apis", "Demo\Suyaa.Script.Apis\Suyaa.Script.Apis.csproj", "{2DF2BD37-6C0A-4C97-B72B-3EEEBEF7DC7F}"
EndProject
Project("{9A19103F-16F7-4668-BE54-9A1E7A4F7556}") = "Ssm.Jian.Engine", "Demo\Ssm.Jian.Engine\Ssm.Jian.Engine.csproj", "{12DD7C85-7AEF-42B4-81CB-BA844C75DE5D}"
EndProject
Project("{9A19103F-16F7-4668-BE54-9A1E7A4F7556}") = "JianConsole", "Demo\JianConsole\JianConsole.csproj", "{A805C130-CC80-4CC4-8174-7463A3FE4799}"
EndProject
Project("{2150E333-8FDC-42A3-9474-1A3956D46DE8}") = "UnitTests", "UnitTests", "{98799836-F152-450E-A7FA-717456F5A5AC}"
EndProject
Project("{9A19103F-16F7-4668-BE54-9A1E7A4F7556}") = "SuyaaTests.Lang", "UnitTests\SuyaaTests.Lang\SuyaaTests.Lang.csproj", "{83F8DCA5-9D18-43E8-BC8E-970B056CF717}"
EndProject
Project("{9A19103F-16F7-4668-BE54-9A1E7A4F7556}") = "Suyaa.Msil", "Suyaa.Msil\Suyaa.Msil.csproj", "{C7BB773D-758A-4092-B2E3-9C27C8296D85}"
EndProject
Project("{9A19103F-16F7-4668-BE54-9A1E7A4F7556}") = "Suyaa.Sulang", "Suyaa.Sulang\Suyaa.Sulang.csproj", "{7D734275-F747-4C39-9D1A-3016D1215697}"
EndProject
Global
	GlobalSection(SolutionConfigurationPlatforms) = preSolution
		Debug|Any CPU = Debug|Any CPU
		Release|Any CPU = Release|Any CPU
	EndGlobalSection
	GlobalSection(ProjectConfigurationPlatforms) = postSolution
		{ED6C2C11-4C17-4873-A9D1-951262A5336E}.Debug|Any CPU.ActiveCfg = Debug|Any CPU
		{ED6C2C11-4C17-4873-A9D1-951262A5336E}.Debug|Any CPU.Build.0 = Debug|Any CPU
		{ED6C2C11-4C17-4873-A9D1-951262A5336E}.Release|Any CPU.ActiveCfg = Release|Any CPU
		{ED6C2C11-4C17-4873-A9D1-951262A5336E}.Release|Any CPU.Build.0 = Release|Any CPU
		{CB52698F-613B-4FB8-89E3-9A21DEACDCF4}.Debug|Any CPU.ActiveCfg = Debug|Any CPU
		{CB52698F-613B-4FB8-89E3-9A21DEACDCF4}.Debug|Any CPU.Build.0 = Debug|Any CPU
		{CB52698F-613B-4FB8-89E3-9A21DEACDCF4}.Release|Any CPU.ActiveCfg = Release|Any CPU
		{CB52698F-613B-4FB8-89E3-9A21DEACDCF4}.Release|Any CPU.Build.0 = Release|Any CPU
		{0677E454-5665-4016-8C6A-B1306A425A7C}.Debug|Any CPU.ActiveCfg = Debug|Any CPU
		{0677E454-5665-4016-8C6A-B1306A425A7C}.Debug|Any CPU.Build.0 = Debug|Any CPU
		{0677E454-5665-4016-8C6A-B1306A425A7C}.Release|Any CPU.ActiveCfg = Release|Any CPU
		{0677E454-5665-4016-8C6A-B1306A425A7C}.Release|Any CPU.Build.0 = Release|Any CPU
		{2DF2BD37-6C0A-4C97-B72B-3EEEBEF7DC7F}.Debug|Any CPU.ActiveCfg = Debug|Any CPU
		{2DF2BD37-6C0A-4C97-B72B-3EEEBEF7DC7F}.Debug|Any CPU.Build.0 = Debug|Any CPU
		{2DF2BD37-6C0A-4C97-B72B-3EEEBEF7DC7F}.Release|Any CPU.ActiveCfg = Release|Any CPU
		{2DF2BD37-6C0A-4C97-B72B-3EEEBEF7DC7F}.Release|Any CPU.Build.0 = Release|Any CPU
		{12DD7C85-7AEF-42B4-81CB-BA844C75DE5D}.Debug|Any CPU.ActiveCfg = Debug|Any CPU
		{12DD7C85-7AEF-42B4-81CB-BA844C75DE5D}.Debug|Any CPU.Build.0 = Debug|Any CPU
		{12DD7C85-7AEF-42B4-81CB-BA844C75DE5D}.Release|Any CPU.ActiveCfg = Release|Any CPU
		{12DD7C85-7AEF-42B4-81CB-BA844C75DE5D}.Release|Any CPU.Build.0 = Release|Any CPU
		{A805C130-CC80-4CC4-8174-7463A3FE4799}.Debug|Any CPU.ActiveCfg = Debug|Any CPU
		{A805C130-CC80-4CC4-8174-7463A3FE4799}.Debug|Any CPU.Build.0 = Debug|Any CPU
		{A805C130-CC80-4CC4-8174-7463A3FE4799}.Release|Any CPU.ActiveCfg = Release|Any CPU
		{A805C130-CC80-4CC4-8174-7463A3FE4799}.Release|Any CPU.Build.0 = Release|Any CPU
		{83F8DCA5-9D18-43E8-BC8E-970B056CF717}.Debug|Any CPU.ActiveCfg = Debug|Any CPU
		{83F8DCA5-9D18-43E8-BC8E-970B056CF717}.Debug|Any CPU.Build.0 = Debug|Any CPU
		{83F8DCA5-9D18-43E8-BC8E-970B056CF717}.Release|Any CPU.ActiveCfg = Release|Any CPU
		{83F8DCA5-9D18-43E8-BC8E-970B056CF717}.Release|Any CPU.Build.0 = Release|Any CPU
		{C7BB773D-758A-4092-B2E3-9C27C8296D85}.Debug|Any CPU.ActiveCfg = Debug|Any CPU
		{C7BB773D-758A-4092-B2E3-9C27C8296D85}.Debug|Any CPU.Build.0 = Debug|Any CPU
		{C7BB773D-758A-4092-B2E3-9C27C8296D85}.Release|Any CPU.ActiveCfg = Release|Any CPU
		{C7BB773D-758A-4092-B2E3-9C27C8296D85}.Release|Any CPU.Build.0 = Release|Any CPU
		{7D734275-F747-4C39-9D1A-3016D1215697}.Debug|Any CPU.ActiveCfg = Debug|Any CPU
		{7D734275-F747-4C39-9D1A-3016D1215697}.Debug|Any CPU.Build.0 = Debug|Any CPU
		{7D734275-F747-4C39-9D1A-3016D1215697}.Release|Any CPU.ActiveCfg = Release|Any CPU
		{7D734275-F747-4C39-9D1A-3016D1215697}.Release|Any CPU.Build.0 = Release|Any CPU
	EndGlobalSection
	GlobalSection(SolutionProperties) = preSolution
		HideSolutionNode = FALSE
	EndGlobalSection
	GlobalSection(NestedProjects) = preSolution
		{CB52698F-613B-4FB8-89E3-9A21DEACDCF4} = {A2EC4EE5-A5A0-44F6-8020-564C8DA21ED4}
		{0677E454-5665-4016-8C6A-B1306A425A7C} = {A2EC4EE5-A5A0-44F6-8020-564C8DA21ED4}
		{2DF2BD37-6C0A-4C97-B72B-3EEEBEF7DC7F} = {A2EC4EE5-A5A0-44F6-8020-564C8DA21ED4}
		{12DD7C85-7AEF-42B4-81CB-BA844C75DE5D} = {A2EC4EE5-A5A0-44F6-8020-564C8DA21ED4}
		{A805C130-CC80-4CC4-8174-7463A3FE4799} = {A2EC4EE5-A5A0-44F6-8020-564C8DA21ED4}
		{83F8DCA5-9D18-43E8-BC8E-970B056CF717} = {98799836-F152-450E-A7FA-717456F5A5AC}
	EndGlobalSection
	GlobalSection(ExtensibilityGlobals) = postSolution
		SolutionGuid = {C9F1D788-8638-423D-98B3-80880503C1D8}
	EndGlobalSection
EndGlobal
